# THIS IS AN AUTOGENERATED FILE. DO NOT EDIT THIS FILE DIRECTLY.
# yarn lockfile v1


"@sinonjs/commons@^3.0.1":
  version "3.0.1"
  resolved "https://registry.yarnpkg.com/@sinonjs/commons/-/commons-3.0.1.tgz#1029357e44ca901a615585f6d27738dbc89084cd"
  integrity sha512-K3mCHKQ9sVh8o1C9cxkwxaOmXoAMlDxC1mYyHrjqOWEcBjYr76t96zL2zlj5dUGZ3HSw240X1qgH3Mjf1yJWpQ==
  dependencies:
    type-detect "4.0.8"

"@sinonjs/fake-timers@^13.0.5":
  version "13.0.5"
  resolved "https://registry.yarnpkg.com/@sinonjs/fake-timers/-/fake-timers-13.0.5.tgz#36b9dbc21ad5546486ea9173d6bea063eb1717d5"
  integrity sha512-36/hTbH2uaWuGVERyC6da9YwGWnzUZXuPro/F2LfsdOsLnCojz/iSH8MxUt/FD2S5XBSVPhmArFUXcpCQ2Hkiw==
  dependencies:
    "@sinonjs/commons" "^3.0.1"

"@sinonjs/samsam@^8.0.1":
  version "8.0.3"
  resolved "https://registry.yarnpkg.com/@sinonjs/samsam/-/samsam-8.0.3.tgz#eb6ffaef421e1e27783cc9b52567de20cb28072d"
  integrity sha512-hw6HbX+GyVZzmaYNh82Ecj1vdGZrqVIn/keDTg63IgAwiQPO+xCz99uG6Woqgb4tM0mUiFENKZ4cqd7IX94AXQ==
  dependencies:
    "@sinonjs/commons" "^3.0.1"
    type-detect "^4.1.0"

assertion-error@^2.0.1:
  version "2.0.1"
  resolved "https://registry.yarnpkg.com/assertion-error/-/assertion-error-2.0.1.tgz#f641a196b335690b1070bf00b6e7593fec190bf7"
  integrity sha512-Izi8RQcffqCeNVgFigKli1ssklIbpHnCYc6AknXGYoB6grJqyeby7jv12JUQgmTAnIDnbck1uxksT4dzN3PWBA==

chai-as-promised@^8.0.1:
  version "8.0.2"
  resolved "https://registry.yarnpkg.com/chai-as-promised/-/chai-as-promised-8.0.2.tgz#cd9b77afaa976383eb4cbef9463ac5230f7a1cba"
  integrity sha512-1GadL+sEJVLzDjcawPM4kjfnL+p/9vrxiEUonowKOAzvVg0PixJUdtuDzdkDeQhK3zfOE76GqGkZIQ7/Adcrqw==
  dependencies:
    check-error "^2.1.1"

chai@^5.2.0:
  version "5.3.3"
  resolved "https://registry.yarnpkg.com/chai/-/chai-5.3.3.tgz#dd3da955e270916a4bd3f625f4b919996ada7e06"
  integrity sha512-4zNhdJD/iOjSH0A05ea+Ke6MU5mmpQcbQsSOkgdaUMJ9zTlDTD/GYlwohmIE2u0gaxHYiVHEn1Fw9mZ/ktJWgw==
  dependencies:
    assertion-error "^2.0.1"
    check-error "^2.1.1"
    deep-eql "^5.0.1"
    loupe "^3.1.0"
    pathval "^2.0.0"

check-error@^2.1.1:
  version "2.1.3"
  resolved "https://registry.yarnpkg.com/check-error/-/check-error-2.1.3.tgz#2427361117b70cca8dc89680ead32b157019caf5"
  integrity sha512-PAJdDJusoxnwm1VwW07VWwUN1sl7smmC3OKggvndJFadxxDRyFJBX/ggnu/KE4kQAB7a3Dp8f/YXC1FlUprWmA==

deep-eql@^5.0.1:
  version "5.0.2"
  resolved "https://registry.yarnpkg.com/deep-eql/-/deep-eql-5.0.2.tgz#4b756d8d770a9257300825d52a2c2cff99c3a341"
  integrity sha512-h5k/5U50IJJFpzfL6nO9jaaumfjO/f2NjK/oYB2Djzm4p9L+3T9qWpZqZ2hAbLPuuYq9wrU08WQyBTL5GbPk5Q==

diff@^7.0.0:
  version "7.0.0"
  resolved "https://registry.yarnpkg.com/diff/-/diff-7.0.0.tgz#3fb34d387cd76d803f6eebea67b921dab0182a9a"
  integrity sha512-PJWHUb1RFevKCwaFA9RlG5tCd+FO5iRh9A8HEtkmBH2Li03iJriB6m6JIN4rGz3K3JLawI7/veA1xzRKP6ISBw==

has-flag@^4.0.0:
  version "4.0.0"
  resolved "https://registry.yarnpkg.com/has-flag/-/has-flag-4.0.0.tgz#944771fd9c81c81265c4d6941860da06bb59479b"
  integrity sha512-EykJT/Q1KjTWctppgIAgfSO0tKVuZUjhgMr17kqTumMl6Afv3EISleU7qZUzoXDFTAHTDC4NOoG/ZxU3EvlMPQ==

loupe@^3.1.0:
  version "3.2.1"
  resolved "https://registry.yarnpkg.com/loupe/-/loupe-3.2.1.tgz#0095cf56dc5b7a9a7c08ff5b1a8796ec8ad17e76"
  integrity sha512-CdzqowRJCeLU72bHvWqwRBBlLcMEtIvGrlvef74kMnV2AolS9Y8xUv1I0U/MNAWMhBlKIoyuEgoJ0t/bbwHbLQ==

pathval@^2.0.0:
  version "2.0.1"
  resolved "https://registry.yarnpkg.com/pathval/-/pathval-2.0.1.tgz#8855c5a2899af072d6ac05d11e46045ad0dc605d"
  integrity sha512-//nshmD55c46FuFw26xV/xFAaB5HF9Xdap7HJBBnrKdAd6/GxDBaNA1870O79+9ueg61cZLSVc+OaFlfmObYVQ==

prettier@^3.5.3:
  version "3.8.0"
  resolved "https://registry.yarnpkg.com/prettier/-/prettier-3.8.0.tgz#f72cf71505133f40cfa2ef77a2668cdc558fcd69"
  integrity sha512-yEPsovQfpxYfgWNhCfECjG5AQaO+K3dp6XERmOepyPDVqcJm+bjyCVO3pmU+nAPe0N5dDvekfGezt/EIiRe1TA==

sinon-chai@^4.0.0:
  version "4.0.1"
  resolved "https://registry.yarnpkg.com/sinon-chai/-/sinon-chai-4.0.1.tgz#f70000fe0e4f4ab7ceeb3703d3053f8886e0386b"
  integrity sha512-xMKEEV3cYHC1G+boyr7QEqi80gHznYsxVdC9CdjP5JnCWz/jPGuXQzJz3PtBcb0CcHAxar15Y5sjLBoAs6a0yA==

sinon@^20.0.0:
  version "20.0.0"
  resolved "https://registry.yarnpkg.com/sinon/-/sinon-20.0.0.tgz#4b653468735f7152ba694d05498c2b5d024ab006"
  integrity sha512-+FXOAbdnj94AQIxH0w1v8gzNxkawVvNqE3jUzRLptR71Oykeu2RrQXXl/VQjKay+Qnh73fDt/oDfMo6xMeDQbQ==
  dependencies:
    "@sinonjs/commons" "^3.0.1"
    "@sinonjs/fake-timers" "^13.0.5"
    "@sinonjs/samsam" "^8.0.1"
    diff "^7.0.0"
    supports-color "^7.2.0"

supports-color@^7.2.0:
  version "7.2.0"
  resolved "https://registry.yarnpkg.com/supports-color/-/supports-color-7.2.0.tgz#1b7dcdcb32b8138801b3e478ba6a51caa89648da"
  integrity sha512-qpCAvRl9stuOHveKsn7HncJRvv501qIacKzQlO/+Lwxc9+0q2wLyv4Dfvt80/DPn2pqOBsJdDiogXGR9+OvwRw==
  dependencies:
    has-flag "^4.0.0"

type-detect@4.0.8:
  version "4.0.8"
  resolved "https://registry.yarnpkg.com/type-detect/-/type-detect-4.0.8.tgz#7646fb5f18871cfbb7749e69bd39a6388eb7450c"
  integrity sha512-0fr/mIH1dlO+x7TlcMy+bIDqKPsw/70tVyeHW787goQjhmqaZe10uwLujubK9q9Lg6Fiho1KUKDYz0Z7k7g5/g==

type-detect@^4.1.0:
  version "4.1.0"
  resolved "https://registry.yarnpkg.com/type-detect/-/type-detect-4.1.0.tgz#deb2453e8f08dcae7ae98c626b13dddb0155906c"
  integrity sha512-Acylog8/luQ8L7il+geoSxhEkazvkslg7PSNKOX59mbB9cOveP5aq9h74Y7YU8yDpJwetzQQrfIwtf4Wp4LKcw==
